
Microsoft Visual Studio Solution File, Format Version 12.00
# Visual Studio Version 16
VisualStudioVersion = 16.0.32802.440
MinimumVisualStudioVersion = 10.0.40219.1
Project("{FAE04EC0-301F-11D3-BF4B-00C04F79EFBC}") = "drugstore", "drugstore\drugstore.csproj", "{7F11319B-EE1F-4AD9-A0E5-591247A14AA2}"
EndProject
Global
	GlobalSection(SolutionConfigurationPlatforms) = preSolution
		Debug|Any CPU = Debug|Any CPU
		Release|Any CPU = Release|Any CPU
	EndGlobalSection
	GlobalSection(ProjectConfigurationPlatforms) = postSolution
		{7F11319B-EE1F-4AD9-A0E5-591247A14AA2}.Debug|Any CPU.ActiveCfg = Debug|Any CPU
		{7F11319B-EE1F-4AD9-A0E5-591247A14AA2}.Debug|Any CPU.Build.0 = Debug|Any CPU
		{7F11319B-EE1F-4AD9-A0E5-591247A14AA2}.Release|Any CPU.ActiveCfg = Release|Any CPU
		{7F11319B-EE1F-4AD9-A0E5-591247A14AA2}.Release|Any CPU.Build.0 = Release|Any CPU
	EndGlobalSection
	GlobalSection(SolutionProperties) = preSolution
		HideSolutionNode = FALSE
	EndGlobalSection
	GlobalSection(ExtensibilityGlobals) = postSolution
		SolutionGuid = {4C360258-7840-41B4-A86B-A5CBF758E5F5}
	EndGlobalSection
EndGlobal
